
Microsoft Visual Studio Solution File, Format Version 12.00
# Visual Studio Version 17
VisualStudioVersion = 17.3.32901.215
MinimumVisualStudioVersion = 10.0.40219.1
Project("{FAE04EC0-301F-11D3-BF4B-00C04F79EFBC}") = "ProPresenterRemote", "ProPresenterRemote\ProPresenterRemote.csproj", "{5ADCF697-3124-44B6-BC97-524E42485940}"
EndProject
Global
	GlobalSection(SolutionConfigurationPlatforms) = preSolution
		Debug|Any CPU = Debug|Any CPU
		Release|Any CPU = Release|Any CPU
	EndGlobalSection
	GlobalSection(ProjectConfigurationPlatforms) = postSolution
		{5ADCF697-3124-44B6-BC97-524E42485940}.Debug|Any CPU.ActiveCfg = Debug|Any CPU
		{5ADCF697-3124-44B6-BC97-524E42485940}.Debug|Any CPU.Build.0 = Debug|Any CPU
		{5ADCF697-3124-44B6-BC97-524E42485940}.Release|Any CPU.ActiveCfg = Release|Any CPU
		{5ADCF697-3124-44B6-BC97-524E42485940}.Release|Any CPU.Build.0 = Release|Any CPU
	EndGlobalSection
	GlobalSection(SolutionProperties) = preSolution
		HideSolutionNode = FALSE
	EndGlobalSection
	GlobalSection(ExtensibilityGlobals) = postSolution
		SolutionGuid = {2F619766-6206-4E57-9950-5EA96535BB7C}
	EndGlobalSection
EndGlobal
